Microsoft Visual Studio Solution File, Format Version 11.00
# Visual Studio 2008

Project("{02B703A5-3A16-C30D-167F-34EF47E764E8}") = "MazeWar", "Assembly-CSharp-firstpass.csproj", "{E89BE61F-DAC5-D0C0-BE59-9A5DCC0AA9B7}"
EndProject
Project("{02B703A5-3A16-C30D-167F-34EF47E764E8}") = "MazeWar", "Assembly-CSharp.csproj", "{8CFDD259-1D09-65A0-0F82-3BB06DA43165}"
EndProject
Project("{02B703A5-3A16-C30D-167F-34EF47E764E8}") = "MazeWar", "Assembly-CSharp-Editor.csproj", "{2DB5E603-3B30-0E9D-12FD-1B99C608C103}"
EndProject
Global
	GlobalSection(SolutionConfigurationPlatforms) = preSolution
		Debug|Any CPU = Debug|Any CPU
		Release|Any CPU = Release|Any CPU
	EndGlobalSection
	GlobalSection(ProjectConfigurationPlatforms) = postSolution
		{E89BE61F-DAC5-D0C0-BE59-9A5DCC0AA9B7}.Debug|Any CPU.ActiveCfg = Debug|Any CPU
		{E89BE61F-DAC5-D0C0-BE59-9A5DCC0AA9B7}.Debug|Any CPU.Build.0 = Debug|Any CPU
		{E89BE61F-DAC5-D0C0-BE59-9A5DCC0AA9B7}.Release|Any CPU.ActiveCfg = Release|Any CPU
		{E89BE61F-DAC5-D0C0-BE59-9A5DCC0AA9B7}.Release|Any CPU.Build.0 = Release|Any CPU
		{8CFDD259-1D09-65A0-0F82-3BB06DA43165}.Debug|Any CPU.ActiveCfg = Debug|Any CPU
		{8CFDD259-1D09-65A0-0F82-3BB06DA43165}.Debug|Any CPU.Build.0 = Debug|Any CPU
		{8CFDD259-1D09-65A0-0F82-3BB06DA43165}.Release|Any CPU.ActiveCfg = Release|Any CPU
		{8CFDD259-1D09-65A0-0F82-3BB06DA43165}.Release|Any CPU.Build.0 = Release|Any CPU
		{2DB5E603-3B30-0E9D-12FD-1B99C608C103}.Debug|Any CPU.ActiveCfg = Debug|Any CPU
		{2DB5E603-3B30-0E9D-12FD-1B99C608C103}.Debug|Any CPU.Build.0 = Debug|Any CPU
		{2DB5E603-3B30-0E9D-12FD-1B99C608C103}.Release|Any CPU.ActiveCfg = Release|Any CPU
		{2DB5E603-3B30-0E9D-12FD-1B99C608C103}.Release|Any CPU.Build.0 = Release|Any CPU
	EndGlobalSection
	GlobalSection(SolutionProperties) = preSolution
		HideSolutionNode = FALSE
	EndGlobalSection
	GlobalSection(MonoDevelopProperties) = preSolution
		StartupItem = Assembly-CSharp.csproj
	EndGlobalSection
EndGlobal
